
Microsoft Visual Studio Solution File, Format Version 12.00
# Visual Studio 15
Project("{FAE04EC0-301F-11D3-BF4B-00C04F79EFBC}") = "Assembly-CSharp", "Assembly-CSharp.csproj", "{4F16B407-F98C-D38C-BB04-62C6416E433C}"
EndProject
Project("{FAE04EC0-301F-11D3-BF4B-00C04F79EFBC}") = "Assembly-CSharp-firstpass", "Assembly-CSharp-firstpass.csproj", "{44F1F9AA-E5C7-AFA0-B0BC-B80CE3A80B9E}"
EndProject
Project("{FAE04EC0-301F-11D3-BF4B-00C04F79EFBC}") = "Assembly-CSharp-Editor", "Assembly-CSharp-Editor.csproj", "{BC7BE47C-2AB8-BB71-AB36-5AA9920CAE53}"
EndProject
Global
	GlobalSection(SolutionConfigurationPlatforms) = preSolution
		Debug|Any CPU = Debug|Any CPU
		Release|Any CPU = Release|Any CPU
	EndGlobalSection
	GlobalSection(ProjectConfigurationPlatforms) = postSolution
		{4F16B407-F98C-D38C-BB04-62C6416E433C}.Debug|Any CPU.ActiveCfg = Debug|Any CPU
		{4F16B407-F98C-D38C-BB04-62C6416E433C}.Debug|Any CPU.Build.0 = Debug|Any CPU
		{4F16B407-F98C-D38C-BB04-62C6416E433C}.Release|Any CPU.ActiveCfg = Release|Any CPU
		{4F16B407-F98C-D38C-BB04-62C6416E433C}.Release|Any CPU.Build.0 = Release|Any CPU
		{44F1F9AA-E5C7-AFA0-B0BC-B80CE3A80B9E}.Debug|Any CPU.ActiveCfg = Debug|Any CPU
		{44F1F9AA-E5C7-AFA0-B0BC-B80CE3A80B9E}.Debug|Any CPU.Build.0 = Debug|Any CPU
		{44F1F9AA-E5C7-AFA0-B0BC-B80CE3A80B9E}.Release|Any CPU.ActiveCfg = Release|Any CPU
		{44F1F9AA-E5C7-AFA0-B0BC-B80CE3A80B9E}.Release|Any CPU.Build.0 = Release|Any CPU
		{BC7BE47C-2AB8-BB71-AB36-5AA9920CAE53}.Debug|Any CPU.ActiveCfg = Debug|Any CPU
		{BC7BE47C-2AB8-BB71-AB36-5AA9920CAE53}.Debug|Any CPU.Build.0 = Debug|Any CPU
		{BC7BE47C-2AB8-BB71-AB36-5AA9920CAE53}.Release|Any CPU.ActiveCfg = Release|Any CPU
		{BC7BE47C-2AB8-BB71-AB36-5AA9920CAE53}.Release|Any CPU.Build.0 = Release|Any CPU
	EndGlobalSection
	GlobalSection(SolutionProperties) = preSolution
		HideSolutionNode = FALSE
	EndGlobalSection
EndGlobal
